// !$*UTF8*$!
{
	archiveVersion = 1;
	classes = {
	};
	objectVersion = 56;
	objects = {

/* Begin PBXBuildFile section */
		7302F4502A5D5A0700466890 /* AngularViewController.mm in Sources */ = {isa = PBXBuildFile; fileRef = 7302F44F2A5D5A0700466890 /* AngularViewController.mm */; };
		7302F4542A5D6FE200466890 /* AGShaders.metal in Sources */ = {isa = PBXBuildFile; fileRef = 7302F4532A5D6FE200466890 /* AGShaders.metal */; };
		731500ED2A5E85D1002C2711 /* TexImgViewController.mm in Sources */ = {isa = PBXBuildFile; fileRef = 731500EC2A5E85D1002C2711 /* TexImgViewController.mm */; };
		731500F12A5EC3A5002C2711 /* GradientStyleViewController.mm in Sources */ = {isa = PBXBuildFile; fileRef = 731500F02A5EC3A5002C2711 /* GradientStyleViewController.mm */; };
		731500F72A5EC6A0002C2711 /* GSShaders.metal in Sources */ = {isa = PBXBuildFile; fileRef = 731500F62A5EC6A0002C2711 /* GSShaders.metal */; };
		731C917E2A5BE82700EA2DCB /* PathViewController.mm in Sources */ = {isa = PBXBuildFile; fileRef = 731C917D2A5BE82700EA2DCB /* PathViewController.mm */; };
		731C91942A5C21D300EA2DCB /* GradientViewController.mm in Sources */ = {isa = PBXBuildFile; fileRef = 731C91932A5C21D300EA2DCB /* GradientViewController.mm */; };
		731C92072A5CEAB200EA2DCB /* GShaders.metal in Sources */ = {isa = PBXBuildFile; fileRef = 731C92062A5CEAB200EA2DCB /* GShaders.metal */; };
		7323D9DB2A57AF42008F86A1 /* libABrush.a in Frameworks */ = {isa = PBXBuildFile; fileRef = 7323D9DA2A57AF42008F86A1 /* libABrush.a */; };
		7324CF892A569A3000533EE1 /* AShaders.metal in Sources */ = {isa = PBXBuildFile; fileRef = 7324CF882A569A3000533EE1 /* AShaders.metal */; };
		73B8F41F2A6556F600D714C0 /* TIShaders.metal in Sources */ = {isa = PBXBuildFile; fileRef = 73B8F41E2A6556F600D714C0 /* TIShaders.metal */; };
		9552C4A02A37366700C61EF1 /* VlogTableViewCell.m in Sources */ = {isa = PBXBuildFile; fileRef = 9552C4962A37366700C61EF1 /* VlogTableViewCell.m */; };
		9552C4A12A37366700C61EF1 /* DMShaders.metal in Sources */ = {isa = PBXBuildFile; fileRef = 9552C4992A37366700C61EF1 /* DMShaders.metal */; };
		9552C4A22A37366700C61EF1 /* VlogModel.m in Sources */ = {isa = PBXBuildFile; fileRef = 9552C49A2A37366700C61EF1 /* VlogModel.m */; };
		9552C4A32A37366700C61EF1 /* VlogDetailsViewController.m in Sources */ = {isa = PBXBuildFile; fileRef = 9552C49D2A37366700C61EF1 /* VlogDetailsViewController.m */; };
		9552C4A42A37366700C61EF1 /* VlogsViewController.m in Sources */ = {isa = PBXBuildFile; fileRef = 9552C49E2A37366700C61EF1 /* VlogsViewController.m */; };
		9552C4B02A37367500C61EF1 /* monkey.mp4 in Resources */ = {isa = PBXBuildFile; fileRef = 9552C4A72A37367500C61EF1 /* monkey.mp4 */; };
		9552C4B12A37367500C61EF1 /* newYorkFlip.mp4 in Resources */ = {isa = PBXBuildFile; fileRef = 9552C4A82A37367500C61EF1 /* newYorkFlip.mp4 */; };
		9552C4B22A37367500C61EF1 /* bulletTrain.mp4 in Resources */ = {isa = PBXBuildFile; fileRef = 9552C4A92A37367500C61EF1 /* bulletTrain.mp4 */; };
		9552C4B32A37367500C61EF1 /* shark.mp4 in Resources */ = {isa = PBXBuildFile; fileRef = 9552C4AA2A37367500C61EF1 /* shark.mp4 */; };
		9552C4B42A37367500C61EF1 /* shark.png in Resources */ = {isa = PBXBuildFile; fileRef = 9552C4AC2A37367500C61EF1 /* shark.png */; };
		9552C4B52A37367500C61EF1 /* bulletTrain.png in Resources */ = {isa = PBXBuildFile; fileRef = 9552C4AD2A37367500C61EF1 /* bulletTrain.png */; };
		9552C4B62A37367500C61EF1 /* monkey.png in Resources */ = {isa = PBXBuildFile; fileRef = 9552C4AE2A37367500C61EF1 /* monkey.png */; };
		9552C4B72A37367500C61EF1 /* newYorkFlip.png in Resources */ = {isa = PBXBuildFile; fileRef = 9552C4AF2A37367500C61EF1 /* newYorkFlip.png */; };
		9552C4DA2A37375700C61EF1 /* LICENSE in Resources */ = {isa = PBXBuildFile; fileRef = 9552C4BE2A37375700C61EF1 /* LICENSE */; };
		9552C4DB2A37375700C61EF1 /* NSLayoutConstraint+MASDebugAdditions.m in Sources */ = {isa = PBXBuildFile; fileRef = 9552C4C12A37375700C61EF1 /* NSLayoutConstraint+MASDebugAdditions.m */; };
		9552C4DC2A37375700C61EF1 /* ViewController+MASAdditions.m in Sources */ = {isa = PBXBuildFile; fileRef = 9552C4CA2A37375700C61EF1 /* ViewController+MASAdditions.m */; };
		9552C4DD2A37375700C61EF1 /* MASCompositeConstraint.m in Sources */ = {isa = PBXBuildFile; fileRef = 9552C4CE2A37375700C61EF1 /* MASCompositeConstraint.m */; };
		9552C4DE2A37375700C61EF1 /* MASConstraintMaker.m in Sources */ = {isa = PBXBuildFile; fileRef = 9552C4CF2A37375700C61EF1 /* MASConstraintMaker.m */; };
		9552C4DF2A37375700C61EF1 /* MASLayoutConstraint.m in Sources */ = {isa = PBXBuildFile; fileRef = 9552C4D02A37375700C61EF1 /* MASLayoutConstraint.m */; };
		9552C4E02A37375700C61EF1 /* NSArray+MASAdditions.m in Sources */ = {isa = PBXBuildFile; fileRef = 9552C4D12A37375700C61EF1 /* NSArray+MASAdditions.m */; };
		9552C4E12A37375700C61EF1 /* View+MASAdditions.m in Sources */ = {isa = PBXBuildFile; fileRef = 9552C4D22A37375700C61EF1 /* View+MASAdditions.m */; };
		9552C4E22A37375700C61EF1 /* MASConstraint.m in Sources */ = {isa = PBXBuildFile; fileRef = 9552C4D52A37375700C61EF1 /* MASConstraint.m */; };
		9552C4E32A37375700C61EF1 /* MASViewConstraint.m in Sources */ = {isa = PBXBuildFile; fileRef = 9552C4D72A37375700C61EF1 /* MASViewConstraint.m */; };
		9552C4E42A37375700C61EF1 /* MASViewAttribute.m in Sources */ = {isa = PBXBuildFile; fileRef = 9552C4D82A37375700C61EF1 /* MASViewAttribute.m */; };
		9552C4E52A37375700C61EF1 /* README.md in Resources */ = {isa = PBXBuildFile; fileRef = 9552C4D92A37375700C61EF1 /* README.md */; };
		9552C5012A3738A100C61EF1 /* ShowImagesViewController.m in Sources */ = {isa = PBXBuildFile; fileRef = 9552C4EA2A3738A000C61EF1 /* ShowImagesViewController.m */; };
		9552C5022A3738A100C61EF1 /* ShowImagesModel.m in Sources */ = {isa = PBXBuildFile; fileRef = 9552C4EC2A3738A000C61EF1 /* ShowImagesModel.m */; };
		9552C5032A3738A100C61EF1 /* BottomView.m in Sources */ = {isa = PBXBuildFile; fileRef = 9552C4EE2A3738A000C61EF1 /* BottomView.m */; };
		9552C5042A3738A100C61EF1 /* ShowImagesCollectionViewCell.m in Sources */ = {isa = PBXBuildFile; fileRef = 9552C4EF2A3738A000C61EF1 /* ShowImagesCollectionViewCell.m */; };
		9552C5052A3738A100C61EF1 /* ImageBrowseViewController.m in Sources */ = {isa = PBXBuildFile; fileRef = 9552C4F22A3738A000C61EF1 /* ImageBrowseViewController.m */; };
		9552C5062A3738A100C61EF1 /* ImageBrowseCollectionViewCell.m in Sources */ = {isa = PBXBuildFile; fileRef = 9552C4F32A3738A000C61EF1 /* ImageBrowseCollectionViewCell.m */; };
		9552C5072A3738A100C61EF1 /* ViewController.m in Sources */ = {isa = PBXBuildFile; fileRef = 9552C4F52A3738A000C61EF1 /* ViewController.m */; };
		9552C5082A3738A100C61EF1 /* ImagePickerTableViewCell.m in Sources */ = {isa = PBXBuildFile; fileRef = 9552C4F72A3738A000C61EF1 /* ImagePickerTableViewCell.m */; };
		9552C5092A3738A100C61EF1 /* ImagesModel.m in Sources */ = {isa = PBXBuildFile; fileRef = 9552C4FB2A3738A000C61EF1 /* ImagesModel.m */; };
		9552C50A2A3738A100C61EF1 /* ImagesTableViewController.m in Sources */ = {isa = PBXBuildFile; fileRef = 9552C4FC2A3738A000C61EF1 /* ImagesTableViewController.m */; };
		9552C50B2A3738A100C61EF1 /* ImageDownloader.m in Sources */ = {isa = PBXBuildFile; fileRef = 9552C4FF2A3738A000C61EF1 /* ImageDownloader.m */; };
		95D101BF2A330B6100BBA838 /* AppDelegate.m in Sources */ = {isa = PBXBuildFile; fileRef = 95D101BE2A330B6100BBA838 /* AppDelegate.m */; };
		95D101C52A330B6100BBA838 /* ABrushViewController.m in Sources */ = {isa = PBXBuildFile; fileRef = 95D101C42A330B6100BBA838 /* ABrushViewController.m */; };
		95D101CA2A330B6200BBA838 /* Assets.xcassets in Resources */ = {isa = PBXBuildFile; fileRef = 95D101C92A330B6200BBA838 /* Assets.xcassets */; };
		95D101CD2A330B6200BBA838 /* LaunchScreen.storyboard in Resources */ = {isa = PBXBuildFile; fileRef = 95D101CB2A330B6200BBA838 /* LaunchScreen.storyboard */; };
		95D101D02A330B6200BBA838 /* main.m in Sources */ = {isa = PBXBuildFile; fileRef = 95D101CF2A330B6200BBA838 /* main.m */; };
/* End PBXBuildFile section */

/* Begin PBXFileReference section */
		7302F44E2A5D5A0700466890 /* AngularViewController.h */ = {isa = PBXFileReference; lastKnownFileType = sourcecode.c.h; path = AngularViewController.h; sourceTree = "<group>"; };
		7302F44F2A5D5A0700466890 /* AngularViewController.mm */ = {isa = PBXFileReference; lastKnownFileType = sourcecode.cpp.objcpp; path = AngularViewController.mm; sourceTree = "<group>"; };
		7302F4522A5D6FD300466890 /* AGShaderTypes.h */ = {isa = PBXFileReference; lastKnownFileType = sourcecode.c.h; path = AGShaderTypes.h; sourceTree = "<group>"; };
		7302F4532A5D6FE200466890 /* AGShaders.metal */ = {isa = PBXFileReference; lastKnownFileType = sourcecode.metal; path = AGShaders.metal; sourceTree = "<group>"; };
		731500EB2A5E85D1002C2711 /* TexImgViewController.h */ = {isa = PBXFileReference; lastKnownFileType = sourcecode.c.h; path = TexImgViewController.h; sourceTree = "<group>"; };
		731500EC2A5E85D1002C2711 /* TexImgViewController.mm */ = {isa = PBXFileReference; lastKnownFileType = sourcecode.cpp.objcpp; path = TexImgViewController.mm; sourceTree = "<group>"; };
		731500EF2A5EC3A5002C2711 /* GradientStyleViewController.h */ = {isa = PBXFileReference; lastKnownFileType = sourcecode.c.h; path = GradientStyleViewController.h; sourceTree = "<group>"; };
		731500F02A5EC3A5002C2711 /* GradientStyleViewController.mm */ = {isa = PBXFileReference; lastKnownFileType = sourcecode.cpp.objcpp; path = GradientStyleViewController.mm; sourceTree = "<group>"; };
		731500F52A5EC48C002C2711 /* ShaderTypes.h */ = {isa = PBXFileReference; lastKnownFileType = sourcecode.c.h; path = ShaderTypes.h; sourceTree = "<group>"; };
		731500F62A5EC6A0002C2711 /* GSShaders.metal */ = {isa = PBXFileReference; lastKnownFileType = sourcecode.metal; path = GSShaders.metal; sourceTree = "<group>"; };
		731C917C2A5BE82700EA2DCB /* PathViewController.h */ = {isa = PBXFileReference; lastKnownFileType = sourcecode.c.h; path = PathViewController.h; sourceTree = "<group>"; };
		731C917D2A5BE82700EA2DCB /* PathViewController.mm */ = {isa = PBXFileReference; lastKnownFileType = sourcecode.cpp.objcpp; path = PathViewController.mm; sourceTree = "<group>"; };
		731C91922A5C21D300EA2DCB /* GradientViewController.h */ = {isa = PBXFileReference; lastKnownFileType = sourcecode.c.h; path = GradientViewController.h; sourceTree = "<group>"; };
		731C91932A5C21D300EA2DCB /* GradientViewController.mm */ = {isa = PBXFileReference; lastKnownFileType = sourcecode.cpp.objcpp; path = GradientViewController.mm; sourceTree = "<group>"; };
		731C92052A5CEAA200EA2DCB /* GShaderTypes.h */ = {isa = PBXFileReference; lastKnownFileType = sourcecode.c.h; path = GShaderTypes.h; sourceTree = "<group>"; };
		731C92062A5CEAB200EA2DCB /* GShaders.metal */ = {isa = PBXFileReference; lastKnownFileType = sourcecode.metal; path = GShaders.metal; sourceTree = "<group>"; };
		7323D9DA2A57AF42008F86A1 /* libABrush.a */ = {isa = PBXFileReference; explicitFileType = archive.ar; path = libABrush.a; sourceTree = BUILT_PRODUCTS_DIR; };
		7324CF872A569A1D00533EE1 /* AShaderTypes.h */ = {isa = PBXFileReference; lastKnownFileType = sourcecode.c.h; path = AShaderTypes.h; sourceTree = "<group>"; };
		7324CF882A569A3000533EE1 /* AShaders.metal */ = {isa = PBXFileReference; lastKnownFileType = sourcecode.metal; path = AShaders.metal; sourceTree = "<group>"; };
		73B8F41D2A6556B400D714C0 /* TIShaderTypes.h */ = {isa = PBXFileReference; lastKnownFileType = sourcecode.c.h; path = TIShaderTypes.h; sourceTree = "<group>"; };
		73B8F41E2A6556F600D714C0 /* TIShaders.metal */ = {isa = PBXFileReference; lastKnownFileType = sourcecode.metal; path = TIShaders.metal; sourceTree = "<group>"; };
		9552C4902A3735B900C61EF1 /* PrefixHeader.pch */ = {isa = PBXFileReference; fileEncoding = 4; lastKnownFileType = sourcecode.c.h; path = PrefixHeader.pch; sourceTree = "<group>"; };
		9552C4962A37366700C61EF1 /* VlogTableViewCell.m */ = {isa = PBXFileReference; fileEncoding = 4; lastKnownFileType = sourcecode.c.objc; path = VlogTableViewCell.m; sourceTree = "<group>"; };
		9552C4972A37366700C61EF1 /* VlogsViewController.h */ = {isa = PBXFileReference; fileEncoding = 4; lastKnownFileType = sourcecode.c.h; path = VlogsViewController.h; sourceTree = "<group>"; };
		9552C4982A37366700C61EF1 /* VlogDetailsViewController.h */ = {isa = PBXFileReference; fileEncoding = 4; lastKnownFileType = sourcecode.c.h; path = VlogDetailsViewController.h; sourceTree = "<group>"; };
		9552C4992A37366700C61EF1 /* DMShaders.metal */ = {isa = PBXFileReference; fileEncoding = 4; lastKnownFileType = sourcecode.metal; path = DMShaders.metal; sourceTree = "<group>"; };
		9552C49A2A37366700C61EF1 /* VlogModel.m */ = {isa = PBXFileReference; fileEncoding = 4; lastKnownFileType = sourcecode.c.objc; path = VlogModel.m; sourceTree = "<group>"; };
		9552C49B2A37366700C61EF1 /* VlogTableViewCell.h */ = {isa = PBXFileReference; fileEncoding = 4; lastKnownFileType = sourcecode.c.h; path = VlogTableViewCell.h; sourceTree = "<group>"; };
		9552C49C2A37366700C61EF1 /* DMShaderTypes.h */ = {isa = PBXFileReference; fileEncoding = 4; lastKnownFileType = sourcecode.c.h; path = DMShaderTypes.h; sourceTree = "<group>"; };
		9552C49D2A37366700C61EF1 /* VlogDetailsViewController.m */ = {isa = PBXFileReference; fileEncoding = 4; lastKnownFileType = sourcecode.c.objc; path = VlogDetailsViewController.m; sourceTree = "<group>"; };
		9552C49E2A37366700C61EF1 /* VlogsViewController.m */ = {isa = PBXFileReference; fileEncoding = 4; lastKnownFileType = sourcecode.c.objc; path = VlogsViewController.m; sourceTree = "<group>"; };
		9552C49F2A37366700C61EF1 /* VlogModel.h */ = {isa = PBXFileReference; fileEncoding = 4; lastKnownFileType = sourcecode.c.h; path = VlogModel.h; sourceTree = "<group>"; };
		9552C4A72A37367500C61EF1 /* monkey.mp4 */ = {isa = PBXFileReference; lastKnownFileType = file; path = monkey.mp4; sourceTree = "<group>"; };
		9552C4A82A37367500C61EF1 /* newYorkFlip.mp4 */ = {isa = PBXFileReference; lastKnownFileType = file; path = newYorkFlip.mp4; sourceTree = "<group>"; };
		9552C4A92A37367500C61EF1 /* bulletTrain.mp4 */ = {isa = PBXFileReference; lastKnownFileType = file; path = bulletTrain.mp4; sourceTree = "<group>"; };
		9552C4AA2A37367500C61EF1 /* shark.mp4 */ = {isa = PBXFileReference; lastKnownFileType = file; path = shark.mp4; sourceTree = "<group>"; };
		9552C4AC2A37367500C61EF1 /* shark.png */ = {isa = PBXFileReference; lastKnownFileType = image.png; path = shark.png; sourceTree = "<group>"; };
		9552C4AD2A37367500C61EF1 /* bulletTrain.png */ = {isa = PBXFileReference; lastKnownFileType = image.png; path = bulletTrain.png; sourceTree = "<group>"; };
		9552C4AE2A37367500C61EF1 /* monkey.png */ = {isa = PBXFileReference; lastKnownFileType = image.png; path = monkey.png; sourceTree = "<group>"; };
		9552C4AF2A37367500C61EF1 /* newYorkFlip.png */ = {isa = PBXFileReference; lastKnownFileType = image.png; path = newYorkFlip.png; sourceTree = "<group>"; };
		9552C4BE2A37375700C61EF1 /* LICENSE */ = {isa = PBXFileReference; fileEncoding = 4; lastKnownFileType = text; path = LICENSE; sourceTree = "<group>"; };
		9552C4C02A37375700C61EF1 /* MASCompositeConstraint.h */ = {isa = PBXFileReference; fileEncoding = 4; lastKnownFileType = sourcecode.c.h; path = MASCompositeConstraint.h; sourceTree = "<group>"; };
		9552C4C12A37375700C61EF1 /* NSLayoutConstraint+MASDebugAdditions.m */ = {isa = PBXFileReference; fileEncoding = 4; lastKnownFileType = sourcecode.c.objc; path = "NSLayoutConstraint+MASDebugAdditions.m"; sourceTree = "<group>"; };
		9552C4C22A37375700C61EF1 /* MASConstraint+Private.h */ = {isa = PBXFileReference; fileEncoding = 4; lastKnownFileType = sourcecode.c.h; path = "MASConstraint+Private.h"; sourceTree = "<group>"; };
		9552C4C32A37375700C61EF1 /* MASLayoutConstraint.h */ = {isa = PBXFileReference; fileEncoding = 4; lastKnownFileType = sourcecode.c.h; path = MASLayoutConstraint.h; sourceTree = "<group>"; };
		9552C4C42A37375700C61EF1 /* NSArray+MASShorthandAdditions.h */ = {isa = PBXFileReference; fileEncoding = 4; lastKnownFileType = sourcecode.c.h; path = "NSArray+MASShorthandAdditions.h"; sourceTree = "<group>"; };
		9552C4C52A37375700C61EF1 /* MASConstraintMaker.h */ = {isa = PBXFileReference; fileEncoding = 4; lastKnownFileType = sourcecode.c.h; path = MASConstraintMaker.h; sourceTree = "<group>"; };
		9552C4C62A37375700C61EF1 /* View+MASAdditions.h */ = {isa = PBXFileReference; fileEncoding = 4; lastKnownFileType = sourcecode.c.h; path = "View+MASAdditions.h"; sourceTree = "<group>"; };
		9552C4C72A37375700C61EF1 /* NSArray+MASAdditions.h */ = {isa = PBXFileReference; fileEncoding = 4; lastKnownFileType = sourcecode.c.h; path = "NSArray+MASAdditions.h"; sourceTree = "<group>"; };
		9552C4C82A37375700C61EF1 /* MASUtilities.h */ = {isa = PBXFileReference; fileEncoding = 4; lastKnownFileType = sourcecode.c.h; path = MASUtilities.h; sourceTree = "<group>"; };
		9552C4C92A37375700C61EF1 /* MASViewAttribute.h */ = {isa = PBXFileReference; fileEncoding = 4; lastKnownFileType = sourcecode.c.h; path = MASViewAttribute.h; sourceTree = "<group>"; };
		9552C4CA2A37375700C61EF1 /* ViewController+MASAdditions.m */ = {isa = PBXFileReference; fileEncoding = 4; lastKnownFileType = sourcecode.c.objc; path = "ViewController+MASAdditions.m"; sourceTree = "<group>"; };
		9552C4CB2A37375700C61EF1 /* MASViewConstraint.h */ = {isa = PBXFileReference; fileEncoding = 4; lastKnownFileType = sourcecode.c.h; path = MASViewConstraint.h; sourceTree = "<group>"; };
		9552C4CC2A37375700C61EF1 /* MASConstraint.h */ = {isa = PBXFileReference; fileEncoding = 4; lastKnownFileType = sourcecode.c.h; path = MASConstraint.h; sourceTree = "<group>"; };
		9552C4CD2A37375700C61EF1 /* NSLayoutConstraint+MASDebugAdditions.h */ = {isa = PBXFileReference; fileEncoding = 4; lastKnownFileType = sourcecode.c.h; path = "NSLayoutConstraint+MASDebugAdditions.h"; sourceTree = "<group>"; };
		9552C4CE2A37375700C61EF1 /* MASCompositeConstraint.m */ = {isa = PBXFileReference; fileEncoding = 4; lastKnownFileType = sourcecode.c.objc; path = MASCompositeConstraint.m; sourceTree = "<group>"; };
		9552C4CF2A37375700C61EF1 /* MASConstraintMaker.m */ = {isa = PBXFileReference; fileEncoding = 4; lastKnownFileType = sourcecode.c.objc; path = MASConstraintMaker.m; sourceTree = "<group>"; };
		9552C4D02A37375700C61EF1 /* MASLayoutConstraint.m */ = {isa = PBXFileReference; fileEncoding = 4; lastKnownFileType = sourcecode.c.objc; path = MASLayoutConstraint.m; sourceTree = "<group>"; };
		9552C4D12A37375700C61EF1 /* NSArray+MASAdditions.m */ = {isa = PBXFileReference; fileEncoding = 4; lastKnownFileType = sourcecode.c.objc; path = "NSArray+MASAdditions.m"; sourceTree = "<group>"; };
		9552C4D22A37375700C61EF1 /* View+MASAdditions.m */ = {isa = PBXFileReference; fileEncoding = 4; lastKnownFileType = sourcecode.c.objc; path = "View+MASAdditions.m"; sourceTree = "<group>"; };
		9552C4D32A37375700C61EF1 /* View+MASShorthandAdditions.h */ = {isa = PBXFileReference; fileEncoding = 4; lastKnownFileType = sourcecode.c.h; path = "View+MASShorthandAdditions.h"; sourceTree = "<group>"; };
		9552C4D42A37375700C61EF1 /* Masonry.h */ = {isa = PBXFileReference; fileEncoding = 4; lastKnownFileType = sourcecode.c.h; path = Masonry.h; sourceTree = "<group>"; };
		9552C4D52A37375700C61EF1 /* MASConstraint.m */ = {isa = PBXFileReference; fileEncoding = 4; lastKnownFileType = sourcecode.c.objc; path = MASConstraint.m; sourceTree = "<group>"; };
		9552C4D62A37375700C61EF1 /* ViewController+MASAdditions.h */ = {isa = PBXFileReference; fileEncoding = 4; lastKnownFileType = sourcecode.c.h; path = "ViewController+MASAdditions.h"; sourceTree = "<group>"; };
		9552C4D72A37375700C61EF1 /* MASViewConstraint.m */ = {isa = PBXFileReference; fileEncoding = 4; lastKnownFileType = sourcecode.c.objc; path = MASViewConstraint.m; sourceTree = "<group>"; };
		9552C4D82A37375700C61EF1 /* MASViewAttribute.m */ = {isa = PBXFileReference; fileEncoding = 4; lastKnownFileType = sourcecode.c.objc; path = MASViewAttribute.m; sourceTree = "<group>"; };
		9552C4D92A37375700C61EF1 /* README.md */ = {isa = PBXFileReference; fileEncoding = 4; lastKnownFileType = net.daringfireball.markdown; path = README.md; sourceTree = "<group>"; };
		9552C4E82A3738A000C61EF1 /* ShowImagesModel.h */ = {isa = PBXFileReference; fileEncoding = 4; lastKnownFileType = sourcecode.c.h; path = ShowImagesModel.h; sourceTree = "<group>"; };
		9552C4E92A3738A000C61EF1 /* BottomView.h */ = {isa = PBXFileReference; fileEncoding = 4; lastKnownFileType = sourcecode.c.h; path = BottomView.h; sourceTree = "<group>"; };
		9552C4EA2A3738A000C61EF1 /* ShowImagesViewController.m */ = {isa = PBXFileReference; fileEncoding = 4; lastKnownFileType = sourcecode.c.objc; path = ShowImagesViewController.m; sourceTree = "<group>"; };
		9552C4EB2A3738A000C61EF1 /* ShowImagesCollectionViewCell.h */ = {isa = PBXFileReference; fileEncoding = 4; lastKnownFileType = sourcecode.c.h; path = ShowImagesCollectionViewCell.h; sourceTree = "<group>"; };
		9552C4EC2A3738A000C61EF1 /* ShowImagesModel.m */ = {isa = PBXFileReference; fileEncoding = 4; lastKnownFileType = sourcecode.c.objc; path = ShowImagesModel.m; sourceTree = "<group>"; };
		9552C4ED2A3738A000C61EF1 /* ShowImagesViewController.h */ = {isa = PBXFileReference; fileEncoding = 4; lastKnownFileType = sourcecode.c.h; path = ShowImagesViewController.h; sourceTree = "<group>"; };
		9552C4EE2A3738A000C61EF1 /* BottomView.m */ = {isa = PBXFileReference; fileEncoding = 4; lastKnownFileType = sourcecode.c.objc; path = BottomView.m; sourceTree = "<group>"; };
		9552C4EF2A3738A000C61EF1 /* ShowImagesCollectionViewCell.m */ = {isa = PBXFileReference; fileEncoding = 4; lastKnownFileType = sourcecode.c.objc; path = ShowImagesCollectionViewCell.m; sourceTree = "<group>"; };
		9552C4F12A3738A000C61EF1 /* ImageBrowseCollectionViewCell.h */ = {isa = PBXFileReference; fileEncoding = 4; lastKnownFileType = sourcecode.c.h; path = ImageBrowseCollectionViewCell.h; sourceTree = "<group>"; };
		9552C4F22A3738A000C61EF1 /* ImageBrowseViewController.m */ = {isa = PBXFileReference; fileEncoding = 4; lastKnownFileType = sourcecode.c.objc; path = ImageBrowseViewController.m; sourceTree = "<group>"; };
		9552C4F32A3738A000C61EF1 /* ImageBrowseCollectionViewCell.m */ = {isa = PBXFileReference; fileEncoding = 4; lastKnownFileType = sourcecode.c.objc; path = ImageBrowseCollectionViewCell.m; sourceTree = "<group>"; };
		9552C4F42A3738A000C61EF1 /* ImageBrowseViewController.h */ = {isa = PBXFileReference; fileEncoding = 4; lastKnownFileType = sourcecode.c.h; path = ImageBrowseViewController.h; sourceTree = "<group>"; };
		9552C4F52A3738A000C61EF1 /* ViewController.m */ = {isa = PBXFileReference; fileEncoding = 4; lastKnownFileType = sourcecode.c.objc; path = ViewController.m; sourceTree = "<group>"; };
		9552C4F72A3738A000C61EF1 /* ImagePickerTableViewCell.m */ = {isa = PBXFileReference; fileEncoding = 4; lastKnownFileType = sourcecode.c.objc; path = ImagePickerTableViewCell.m; sourceTree = "<group>"; };
		9552C4F82A3738A000C61EF1 /* ImagesModel.h */ = {isa = PBXFileReference; fileEncoding = 4; lastKnownFileType = sourcecode.c.h; path = ImagesModel.h; sourceTree = "<group>"; };
		9552C4F92A3738A000C61EF1 /* ImagesTableViewController.h */ = {isa = PBXFileReference; fileEncoding = 4; lastKnownFileType = sourcecode.c.h; path = ImagesTableViewController.h; sourceTree = "<group>"; };
		9552C4FA2A3738A000C61EF1 /* ImagePickerTableViewCell.h */ = {isa = PBXFileReference; fileEncoding = 4; lastKnownFileType = sourcecode.c.h; path = ImagePickerTableViewCell.h; sourceTree = "<group>"; };
		9552C4FB2A3738A000C61EF1 /* ImagesModel.m */ = {isa = PBXFileReference; fileEncoding = 4; lastKnownFileType = sourcecode.c.objc; path = ImagesModel.m; sourceTree = "<group>"; };
		9552C4FC2A3738A000C61EF1 /* ImagesTableViewController.m */ = {isa = PBXFileReference; fileEncoding = 4; lastKnownFileType = sourcecode.c.objc; path = ImagesTableViewController.m; sourceTree = "<group>"; };
		9552C4FD2A3738A000C61EF1 /* ViewController.h */ = {isa = PBXFileReference; fileEncoding = 4; lastKnownFileType = sourcecode.c.h; path = ViewController.h; sourceTree = "<group>"; };
		9552C4FF2A3738A000C61EF1 /* ImageDownloader.m */ = {isa = PBXFileReference; fileEncoding = 4; lastKnownFileType = sourcecode.c.objc; path = ImageDownloader.m; sourceTree = "<group>"; };
		9552C5002A3738A100C61EF1 /* ImageDownloader.h */ = {isa = PBXFileReference; fileEncoding = 4; lastKnownFileType = sourcecode.c.h; path = ImageDownloader.h; sourceTree = "<group>"; };
		95D101BA2A330B6100BBA838 /* ABrushApp.app */ = {isa = PBXFileReference; explicitFileType = wrapper.application; includeInIndex = 0; path = ABrushApp.app; sourceTree = BUILT_PRODUCTS_DIR; };
		95D101BD2A330B6100BBA838 /* AppDelegate.h */ = {isa = PBXFileReference; lastKnownFileType = sourcecode.c.h; path = AppDelegate.h; sourceTree = "<group>"; };
		95D101BE2A330B6100BBA838 /* AppDelegate.m */ = {isa = PBXFileReference; lastKnownFileType = sourcecode.c.objc; path = AppDelegate.m; sourceTree = "<group>"; };
		95D101C32A330B6100BBA838 /* ABrushViewController.h */ = {isa = PBXFileReference; lastKnownFileType = sourcecode.c.h; path = ABrushViewController.h; sourceTree = "<group>"; };
		95D101C42A330B6100BBA838 /* ABrushViewController.m */ = {isa = PBXFileReference; lastKnownFileType = sourcecode.c.objc; path = ABrushViewController.m; sourceTree = "<group>"; };
		95D101C92A330B6200BBA838 /* Assets.xcassets */ = {isa = PBXFileReference; lastKnownFileType = folder.assetcatalog; path = Assets.xcassets; sourceTree = "<group>"; };
		95D101CC2A330B6200BBA838 /* Base */ = {isa = PBXFileReference; lastKnownFileType = file.storyboard; name = Base; path = Base.lproj/LaunchScreen.storyboard; sourceTree = "<group>"; };
		95D101CE2A330B6200BBA838 /* Info.plist */ = {isa = PBXFileReference; lastKnownFileType = text.plist.xml; path = Info.plist; sourceTree = "<group>"; };
		95D101CF2A330B6200BBA838 /* main.m */ = {isa = PBXFileReference; lastKnownFileType = sourcecode.c.objc; path = main.m; sourceTree = "<group>"; };
/* End PBXFileReference section */

/* Begin PBXFrameworksBuildPhase section */
		95D101B72A330B6100BBA838 /* Frameworks */ = {
			isa = PBXFrameworksBuildPhase;
			buildActionMask = 2147483647;
			files = (
				7323D9DB2A57AF42008F86A1 /* libABrush.a in Frameworks */,
			);
			runOnlyForDeploymentPostprocessing = 0;
		};
/* End PBXFrameworksBuildPhase section */

/* Begin PBXGroup section */
		7302F4512A5D5A0B00466890 /* AngularGradient */ = {
			isa = PBXGroup;
			children = (
				7302F44E2A5D5A0700466890 /* AngularViewController.h */,
				7302F44F2A5D5A0700466890 /* AngularViewController.mm */,
				7302F4522A5D6FD300466890 /* AGShaderTypes.h */,
				7302F4532A5D6FE200466890 /* AGShaders.metal */,
			);
			path = AngularGradient;
			sourceTree = "<group>";
		};
		731500EA2A5E6897002C2711 /* TexImg */ = {
			isa = PBXGroup;
			children = (
				731500EB2A5E85D1002C2711 /* TexImgViewController.h */,
				731500EC2A5E85D1002C2711 /* TexImgViewController.mm */,
				73B8F41D2A6556B400D714C0 /* TIShaderTypes.h */,
				73B8F41E2A6556F600D714C0 /* TIShaders.metal */,
			);
			path = TexImg;
			sourceTree = "<group>";
		};
		731500EE2A5EC395002C2711 /* GradientStyle */ = {
			isa = PBXGroup;
			children = (
				731500EF2A5EC3A5002C2711 /* GradientStyleViewController.h */,
				731500F02A5EC3A5002C2711 /* GradientStyleViewController.mm */,
				731500F52A5EC48C002C2711 /* ShaderTypes.h */,
				731500F62A5EC6A0002C2711 /* GSShaders.metal */,
			);
			path = GradientStyle;
			sourceTree = "<group>";
		};
		731C917B2A5BE7FC00EA2DCB /* APath */ = {
			isa = PBXGroup;
			children = (
				7324CF872A569A1D00533EE1 /* AShaderTypes.h */,
				7324CF882A569A3000533EE1 /* AShaders.metal */,
				731C917C2A5BE82700EA2DCB /* PathViewController.h */,
				731C917D2A5BE82700EA2DCB /* PathViewController.mm */,
			);
			path = APath;
			sourceTree = "<group>";
		};
		731C91952A5C21DA00EA2DCB /* RadialGradient */ = {
			isa = PBXGroup;
			children = (
				731C91922A5C21D300EA2DCB /* GradientViewController.h */,
				731C91932A5C21D300EA2DCB /* GradientViewController.mm */,
				731C92052A5CEAA200EA2DCB /* GShaderTypes.h */,
				731C92062A5CEAB200EA2DCB /* GShaders.metal */,
			);
			path = RadialGradient;
			sourceTree = "<group>";
		};
		9552C4562A36B0D800C61EF1 /* Frameworks */ = {
			isa = PBXGroup;
			children = (
				7323D9DA2A57AF42008F86A1 /* libABrush.a */,
			);
			name = Frameworks;
			sourceTree = "<group>";
		};
		9552C4872A3732BC00C61EF1 /* ABrushPage */ = {
			isa = PBXGroup;
			children = (
				731500EA2A5E6897002C2711 /* TexImg */,
				7302F4512A5D5A0B00466890 /* AngularGradient */,
				731C91952A5C21DA00EA2DCB /* RadialGradient */,
				731C917B2A5BE7FC00EA2DCB /* APath */,
				731500EE2A5EC395002C2711 /* GradientStyle */,
				95D101C32A330B6100BBA838 /* ABrushViewController.h */,
				95D101C42A330B6100BBA838 /* ABrushViewController.m */,
			);
			path = ABrushPage;
			sourceTree = "<group>";
		};
		9552C4892A3733B700C61EF1 /* Pods */ = {
			isa = PBXGroup;
			children = (
				9552C4BD2A37375700C61EF1 /* Masonry */,
			);
			path = Pods;
			sourceTree = "<group>";
		};
		9552C4952A37366700C61EF1 /* Vlogs */ = {
			isa = PBXGroup;
			children = (
				9552C4A52A37367500C61EF1 /* Local Videos */,
				9552C4962A37366700C61EF1 /* VlogTableViewCell.m */,
				9552C4972A37366700C61EF1 /* VlogsViewController.h */,
				9552C4982A37366700C61EF1 /* VlogDetailsViewController.h */,
				9552C49D2A37366700C61EF1 /* VlogDetailsViewController.m */,
				9552C49A2A37366700C61EF1 /* VlogModel.m */,
				9552C49B2A37366700C61EF1 /* VlogTableViewCell.h */,
				9552C49C2A37366700C61EF1 /* DMShaderTypes.h */,
				9552C4992A37366700C61EF1 /* DMShaders.metal */,
				9552C49E2A37366700C61EF1 /* VlogsViewController.m */,
				9552C49F2A37366700C61EF1 /* VlogModel.h */,
			);
			path = Vlogs;
			sourceTree = "<group>";
		};
		9552C4A52A37367500C61EF1 /* Local Videos */ = {
			isa = PBXGroup;
			children = (
				9552C4A62A37367500C61EF1 /* TravelVids */,
				9552C4AB2A37367500C61EF1 /* Thumbnails */,
			);
			path = "Local Videos";
			sourceTree = "<group>";
		};
		9552C4A62A37367500C61EF1 /* TravelVids */ = {
			isa = PBXGroup;
			children = (
				9552C4A72A37367500C61EF1 /* monkey.mp4 */,
				9552C4A82A37367500C61EF1 /* newYorkFlip.mp4 */,
				9552C4A92A37367500C61EF1 /* bulletTrain.mp4 */,
				9552C4AA2A37367500C61EF1 /* shark.mp4 */,
			);
			path = TravelVids;
			sourceTree = "<group>";
		};
		9552C4AB2A37367500C61EF1 /* Thumbnails */ = {
			isa = PBXGroup;
			children = (
				9552C4AC2A37367500C61EF1 /* shark.png */,
				9552C4AD2A37367500C61EF1 /* bulletTrain.png */,
				9552C4AE2A37367500C61EF1 /* monkey.png */,
				9552C4AF2A37367500C61EF1 /* newYorkFlip.png */,
			);
			path = Thumbnails;
			sourceTree = "<group>";
		};
		9552C4BD2A37375700C61EF1 /* Masonry */ = {
			isa = PBXGroup;
			children = (
				9552C4BE2A37375700C61EF1 /* LICENSE */,
				9552C4BF2A37375700C61EF1 /* Masonry */,
				9552C4D92A37375700C61EF1 /* README.md */,
			);
			path = Masonry;
			sourceTree = "<group>";
		};
		9552C4BF2A37375700C61EF1 /* Masonry */ = {
			isa = PBXGroup;
			children = (
				9552C4C02A37375700C61EF1 /* MASCompositeConstraint.h */,
				9552C4C12A37375700C61EF1 /* NSLayoutConstraint+MASDebugAdditions.m */,
				9552C4C22A37375700C61EF1 /* MASConstraint+Private.h */,
				9552C4C32A37375700C61EF1 /* MASLayoutConstraint.h */,
				9552C4C42A37375700C61EF1 /* NSArray+MASShorthandAdditions.h */,
				9552C4C52A37375700C61EF1 /* MASConstraintMaker.h */,
				9552C4C62A37375700C61EF1 /* View+MASAdditions.h */,
				9552C4C72A37375700C61EF1 /* NSArray+MASAdditions.h */,
				9552C4C82A37375700C61EF1 /* MASUtilities.h */,
				9552C4C92A37375700C61EF1 /* MASViewAttribute.h */,
				9552C4CA2A37375700C61EF1 /* ViewController+MASAdditions.m */,
				9552C4CB2A37375700C61EF1 /* MASViewConstraint.h */,
				9552C4CC2A37375700C61EF1 /* MASConstraint.h */,
				9552C4CD2A37375700C61EF1 /* NSLayoutConstraint+MASDebugAdditions.h */,
				9552C4CE2A37375700C61EF1 /* MASCompositeConstraint.m */,
				9552C4CF2A37375700C61EF1 /* MASConstraintMaker.m */,
				9552C4D02A37375700C61EF1 /* MASLayoutConstraint.m */,
				9552C4D12A37375700C61EF1 /* NSArray+MASAdditions.m */,
				9552C4D22A37375700C61EF1 /* View+MASAdditions.m */,
				9552C4D32A37375700C61EF1 /* View+MASShorthandAdditions.h */,
				9552C4D42A37375700C61EF1 /* Masonry.h */,
				9552C4D52A37375700C61EF1 /* MASConstraint.m */,
				9552C4D62A37375700C61EF1 /* ViewController+MASAdditions.h */,
				9552C4D72A37375700C61EF1 /* MASViewConstraint.m */,
				9552C4D82A37375700C61EF1 /* MASViewAttribute.m */,
			);
			path = Masonry;
			sourceTree = "<group>";
		};
		9552C4E62A37386200C61EF1 /* ShowImages */ = {
			isa = PBXGroup;
			children = (
				9552C4F02A3738A000C61EF1 /* ImageBrowse */,
				9552C4FE2A3738A000C61EF1 /* ImageDownloader */,
				9552C4F62A3738A000C61EF1 /* ImagesPicker */,
				9552C4E72A3738A000C61EF1 /* ShowImages */,
				9552C4FD2A3738A000C61EF1 /* ViewController.h */,
				9552C4F52A3738A000C61EF1 /* ViewController.m */,
			);
			path = ShowImages;
			sourceTree = "<group>";
		};
		9552C4E72A3738A000C61EF1 /* ShowImages */ = {
			isa = PBXGroup;
			children = (
				9552C4E82A3738A000C61EF1 /* ShowImagesModel.h */,
				9552C4E92A3738A000C61EF1 /* BottomView.h */,
				9552C4EA2A3738A000C61EF1 /* ShowImagesViewController.m */,
				9552C4EB2A3738A000C61EF1 /* ShowImagesCollectionViewCell.h */,
				9552C4EC2A3738A000C61EF1 /* ShowImagesModel.m */,
				9552C4ED2A3738A000C61EF1 /* ShowImagesViewController.h */,
				9552C4EE2A3738A000C61EF1 /* BottomView.m */,
				9552C4EF2A3738A000C61EF1 /* ShowImagesCollectionViewCell.m */,
			);
			path = ShowImages;
			sourceTree = "<group>";
		};
		9552C4F02A3738A000C61EF1 /* ImageBrowse */ = {
			isa = PBXGroup;
			children = (
				9552C4F12A3738A000C61EF1 /* ImageBrowseCollectionViewCell.h */,
				9552C4F22A3738A000C61EF1 /* ImageBrowseViewController.m */,
				9552C4F32A3738A000C61EF1 /* ImageBrowseCollectionViewCell.m */,
				9552C4F42A3738A000C61EF1 /* ImageBrowseViewController.h */,
			);
			path = ImageBrowse;
			sourceTree = "<group>";
		};
		9552C4F62A3738A000C61EF1 /* ImagesPicker */ = {
			isa = PBXGroup;
			children = (
				9552C4F72A3738A000C61EF1 /* ImagePickerTableViewCell.m */,
				9552C4F82A3738A000C61EF1 /* ImagesModel.h */,
				9552C4F92A3738A000C61EF1 /* ImagesTableViewController.h */,
				9552C4FA2A3738A000C61EF1 /* ImagePickerTableViewCell.h */,
				9552C4FB2A3738A000C61EF1 /* ImagesModel.m */,
				9552C4FC2A3738A000C61EF1 /* ImagesTableViewController.m */,
			);
			path = ImagesPicker;
			sourceTree = "<group>";
		};
		9552C4FE2A3738A000C61EF1 /* ImageDownloader */ = {
			isa = PBXGroup;
			children = (
				9552C4FF2A3738A000C61EF1 /* ImageDownloader.m */,
				9552C5002A3738A100C61EF1 /* ImageDownloader.h */,
			);
			path = ImageDownloader;
			sourceTree = "<group>";
		};
		95D101B12A330B6100BBA838 = {
			isa = PBXGroup;
			children = (
				95D101BC2A330B6100BBA838 /* ABrushApp */,
				95D101BB2A330B6100BBA838 /* Products */,
				9552C4562A36B0D800C61EF1 /* Frameworks */,
			);
			sourceTree = "<group>";
		};
		95D101BB2A330B6100BBA838 /* Products */ = {
			isa = PBXGroup;
			children = (
				95D101BA2A330B6100BBA838 /* ABrushApp.app */,
			);
			name = Products;
			sourceTree = "<group>";
		};
		95D101BC2A330B6100BBA838 /* ABrushApp */ = {
			isa = PBXGroup;
			children = (
				9552C4892A3733B700C61EF1 /* Pods */,
				95D101BD2A330B6100BBA838 /* AppDelegate.h */,
				95D101BE2A330B6100BBA838 /* AppDelegate.m */,
				9552C4E62A37386200C61EF1 /* ShowImages */,
				9552C4952A37366700C61EF1 /* Vlogs */,
				9552C4872A3732BC00C61EF1 /* ABrushPage */,
				9552C4902A3735B900C61EF1 /* PrefixHeader.pch */,
				95D101C92A330B6200BBA838 /* Assets.xcassets */,
				95D101CB2A330B6200BBA838 /* LaunchScreen.storyboard */,
				95D101CE2A330B6200BBA838 /* Info.plist */,
				95D101CF2A330B6200BBA838 /* main.m */,
			);
			path = ABrushApp;
			sourceTree = "<group>";
		};
/* End PBXGroup section */

/* Begin PBXNativeTarget section */
		95D101B92A330B6100BBA838 /* ABrushApp */ = {
			isa = PBXNativeTarget;
			buildConfigurationList = 95D101D32A330B6200BBA838 /* Build configuration list for PBXNativeTarget "ABrushApp" */;
			buildPhases = (
				95D101B62A330B6100BBA838 /* Sources */,
				95D101B72A330B6100BBA838 /* Frameworks */,
				95D101B82A330B6100BBA838 /* Resources */,
			);
			buildRules = (
			);
			dependencies = (
			);
			name = ABrushApp;
			productName = ABrushApp;
			productReference = 95D101BA2A330B6100BBA838 /* ABrushApp.app */;
			productType = "com.apple.product-type.application";
		};
/* End PBXNativeTarget section */

/* Begin PBXProject section */
		95D101B22A330B6100BBA838 /* Project object */ = {
			isa = PBXProject;
			attributes = {
				BuildIndependentTargetsInParallel = 1;
				LastUpgradeCheck = 1430;
				TargetAttributes = {
					95D101B92A330B6100BBA838 = {
						CreatedOnToolsVersion = 14.3.1;
					};
				};
			};
			buildConfigurationList = 95D101B52A330B6100BBA838 /* Build configuration list for PBXProject "ABrushApp" */;
			compatibilityVersion = "Xcode 14.0";
			developmentRegion = en;
			hasScannedForEncodings = 0;
			knownRegions = (
				en,
				Base,
			);
			mainGroup = 95D101B12A330B6100BBA838;
			productRefGroup = 95D101BB2A330B6100BBA838 /* Products */;
			projectDirPath = "";
			projectRoot = "";
			targets = (
				95D101B92A330B6100BBA838 /* ABrushApp */,
			);
		};
/* End PBXProject section */

/* Begin PBXResourcesBuildPhase section */
		95D101B82A330B6100BBA838 /* Resources */ = {
			isa = PBXResourcesBuildPhase;
			buildActionMask = 2147483647;
			files = (
				9552C4B12A37367500C61EF1 /* newYorkFlip.mp4 in Resources */,
				9552C4B52A37367500C61EF1 /* bulletTrain.png in Resources */,
				9552C4B62A37367500C61EF1 /* monkey.png in Resources */,
				9552C4B02A37367500C61EF1 /* monkey.mp4 in Resources */,
				95D101CD2A330B6200BBA838 /* LaunchScreen.storyboard in Resources */,
				9552C4DA2A37375700C61EF1 /* LICENSE in Resources */,
				9552C4E52A37375700C61EF1 /* README.md in Resources */,
				9552C4B22A37367500C61EF1 /* bulletTrain.mp4 in Resources */,
				9552C4B42A37367500C61EF1 /* shark.png in Resources */,
				9552C4B32A37367500C61EF1 /* shark.mp4 in Resources */,
				9552C4B72A37367500C61EF1 /* newYorkFlip.png in Resources */,
				95D101CA2A330B6200BBA838 /* Assets.xcassets in Resources */,
			);
			runOnlyForDeploymentPostprocessing = 0;
		};
/* End PBXResourcesBuildPhase section */

/* Begin PBXSourcesBuildPhase section */
		95D101B62A330B6100BBA838 /* Sources */ = {
			isa = PBXSourcesBuildPhase;
			buildActionMask = 2147483647;
			files = (
				731C91942A5C21D300EA2DCB /* GradientViewController.mm in Sources */,
				7302F4502A5D5A0700466890 /* AngularViewController.mm in Sources */,
				95D101C52A330B6100BBA838 /* ABrushViewController.m in Sources */,
				95D101BF2A330B6100BBA838 /* AppDelegate.m in Sources */,
				7302F4542A5D6FE200466890 /* AGShaders.metal in Sources */,
				9552C4E02A37375700C61EF1 /* NSArray+MASAdditions.m in Sources */,
				731500ED2A5E85D1002C2711 /* TexImgViewController.mm in Sources */,
				9552C5062A3738A100C61EF1 /* ImageBrowseCollectionViewCell.m in Sources */,
				9552C4A22A37366700C61EF1 /* VlogModel.m in Sources */,
				9552C4E12A37375700C61EF1 /* View+MASAdditions.m in Sources */,
				9552C5072A3738A100C61EF1 /* ViewController.m in Sources */,
				9552C5092A3738A100C61EF1 /* ImagesModel.m in Sources */,
				9552C5032A3738A100C61EF1 /* BottomView.m in Sources */,
				731C917E2A5BE82700EA2DCB /* PathViewController.mm in Sources */,
				9552C4DB2A37375700C61EF1 /* NSLayoutConstraint+MASDebugAdditions.m in Sources */,
				9552C4DD2A37375700C61EF1 /* MASCompositeConstraint.m in Sources */,
				9552C4A32A37366700C61EF1 /* VlogDetailsViewController.m in Sources */,
				7324CF892A569A3000533EE1 /* AShaders.metal in Sources */,
				9552C50B2A3738A100C61EF1 /* ImageDownloader.m in Sources */,
				731500F12A5EC3A5002C2711 /* GradientStyleViewController.mm in Sources */,
				9552C4DC2A37375700C61EF1 /* ViewController+MASAdditions.m in Sources */,
				9552C4E42A37375700C61EF1 /* MASViewAttribute.m in Sources */,
				9552C5022A3738A100C61EF1 /* ShowImagesModel.m in Sources */,
				9552C4E32A37375700C61EF1 /* MASViewConstraint.m in Sources */,
				9552C4A42A37366700C61EF1 /* VlogsViewController.m in Sources */,
				9552C5042A3738A100C61EF1 /* ShowImagesCollectionViewCell.m in Sources */,
				9552C4DE2A37375700C61EF1 /* MASConstraintMaker.m in Sources */,
				9552C4DF2A37375700C61EF1 /* MASLayoutConstraint.m in Sources */,
				731500F72A5EC6A0002C2711 /* GSShaders.metal in Sources */,
				9552C5052A3738A100C61EF1 /* ImageBrowseViewController.m in Sources */,
				73B8F41F2A6556F600D714C0 /* TIShaders.metal in Sources */,
				9552C50A2A3738A100C61EF1 /* ImagesTableViewController.m in Sources */,
				9552C4A12A37366700C61EF1 /* DMShaders.metal in Sources */,
				9552C5082A3738A100C61EF1 /* ImagePickerTableViewCell.m in Sources */,
				95D101D02A330B6200BBA838 /* main.m in Sources */,
				9552C4E22A37375700C61EF1 /* MASConstraint.m in Sources */,
				9552C4A02A37366700C61EF1 /* VlogTableViewCell.m in Sources */,
				9552C5012A3738A100C61EF1 /* ShowImagesViewController.m in Sources */,
				731C92072A5CEAB200EA2DCB /* GShaders.metal in Sources */,
			);
			runOnlyForDeploymentPostprocessing = 0;
		};
/* End PBXSourcesBuildPhase section */

/* Begin PBXVariantGroup section */
		95D101CB2A330B6200BBA838 /* LaunchScreen.storyboard */ = {
			isa = PBXVariantGroup;
			children = (
				95D101CC2A330B6200BBA838 /* Base */,
			);
			name = LaunchScreen.storyboard;
			sourceTree = "<group>";
		};
/* End PBXVariantGroup section */

/* Begin XCBuildConfiguration section */
		95D101D12A330B6200BBA838 /* Debug */ = {
			isa = XCBuildConfiguration;
			buildSettings = {
				ALWAYS_SEARCH_USER_PATHS = NO;
				CLANG_ANALYZER_NONNULL = YES;
				CLANG_ANALYZER_NUMBER_OBJECT_CONVERSION = YES_AGGRESSIVE;
				CLANG_CXX_LANGUAGE_STANDARD = "gnu++20";
				CLANG_ENABLE_MODULES = YES;
				CLANG_ENABLE_OBJC_ARC = YES;
				CLANG_ENABLE_OBJC_WEAK = YES;
				CLANG_WARN_BLOCK_CAPTURE_AUTORELEASING = YES;
				CLANG_WARN_BOOL_CONVERSION = YES;
				CLANG_WARN_COMMA = YES;
				CLANG_WARN_CONSTANT_CONVERSION = YES;
				CLANG_WARN_DEPRECATED_OBJC_IMPLEMENTATIONS = YES;
				CLANG_WARN_DIRECT_OBJC_ISA_USAGE = YES_ERROR;
				CLANG_WARN_DOCUMENTATION_COMMENTS = YES;
				CLANG_WARN_EMPTY_BODY = YES;
				CLANG_WARN_ENUM_CONVERSION = YES;
				CLANG_WARN_INFINITE_RECURSION = YES;
				CLANG_WARN_INT_CONVERSION = YES;
				CLANG_WARN_NON_LITERAL_NULL_CONVERSION = YES;
				CLANG_WARN_OBJC_IMPLICIT_RETAIN_SELF = YES;
				CLANG_WARN_OBJC_LITERAL_CONVERSION = YES;
				CLANG_WARN_OBJC_ROOT_CLASS = YES_ERROR;
				CLANG_WARN_QUOTED_INCLUDE_IN_FRAMEWORK_HEADER = YES;
				CLANG_WARN_RANGE_LOOP_ANALYSIS = YES;
				CLANG_WARN_STRICT_PROTOTYPES = YES;
				CLANG_WARN_SUSPICIOUS_MOVE = YES;
				CLANG_WARN_UNGUARDED_AVAILABILITY = YES_AGGRESSIVE;
				CLANG_WARN_UNREACHABLE_CODE = YES;
				CLANG_WARN__DUPLICATE_METHOD_MATCH = YES;
				COPY_PHASE_STRIP = NO;
				DEBUG_INFORMATION_FORMAT = dwarf;
				ENABLE_STRICT_OBJC_MSGSEND = YES;
				ENABLE_TESTABILITY = YES;
				GCC_C_LANGUAGE_STANDARD = gnu11;
				GCC_DYNAMIC_NO_PIC = NO;
				GCC_NO_COMMON_BLOCKS = YES;
				GCC_OPTIMIZATION_LEVEL = 0;
				GCC_PREPROCESSOR_DEFINITIONS = (
					"DEBUG=1",
					"$(inherited)",
				);
				GCC_WARN_64_TO_32_BIT_CONVERSION = YES;
				GCC_WARN_ABOUT_RETURN_TYPE = YES_ERROR;
				GCC_WARN_UNDECLARED_SELECTOR = YES;
				GCC_WARN_UNINITIALIZED_AUTOS = YES_AGGRESSIVE;
				GCC_WARN_UNUSED_FUNCTION = YES;
				GCC_WARN_UNUSED_VARIABLE = YES;
				IPHONEOS_DEPLOYMENT_TARGET = 16.4;
				MTL_ENABLE_DEBUG_INFO = INCLUDE_SOURCE;
				MTL_FAST_MATH = YES;
				ONLY_ACTIVE_ARCH = YES;
				SDKROOT = iphoneos;
			};
			name = Debug;
		};
		95D101D22A330B6200BBA838 /* Release */ = {
			isa = XCBuildConfiguration;
			buildSettings = {
				ALWAYS_SEARCH_USER_PATHS = NO;
				CLANG_ANALYZER_NONNULL = YES;
				CLANG_ANALYZER_NUMBER_OBJECT_CONVERSION = YES_AGGRESSIVE;
				CLANG_CXX_LANGUAGE_STANDARD = "gnu++20";
				CLANG_ENABLE_MODULES = YES;
				CLANG_ENABLE_OBJC_ARC = YES;
				CLANG_ENABLE_OBJC_WEAK = YES;
				CLANG_WARN_BLOCK_CAPTURE_AUTORELEASING = YES;
				CLANG_WARN_BOOL_CONVERSION = YES;
				CLANG_WARN_COMMA = YES;
				CLANG_WARN_CONSTANT_CONVERSION = YES;
				CLANG_WARN_DEPRECATED_OBJC_IMPLEMENTATIONS = YES;
				CLANG_WARN_DIRECT_OBJC_ISA_USAGE = YES_ERROR;
				CLANG_WARN_DOCUMENTATION_COMMENTS = YES;
				CLANG_WARN_EMPTY_BODY = YES;
				CLANG_WARN_ENUM_CONVERSION = YES;
				CLANG_WARN_INFINITE_RECURSION = YES;
				CLANG_WARN_INT_CONVERSION = YES;
				CLANG_WARN_NON_LITERAL_NULL_CONVERSION = YES;
				CLANG_WARN_OBJC_IMPLICIT_RETAIN_SELF = YES;
				CLANG_WARN_OBJC_LITERAL_CONVERSION = YES;
				CLANG_WARN_OBJC_ROOT_CLASS = YES_ERROR;
				CLANG_WARN_QUOTED_INCLUDE_IN_FRAMEWORK_HEADER = YES;
				CLANG_WARN_RANGE_LOOP_ANALYSIS = YES;
				CLANG_WARN_STRICT_PROTOTYPES = YES;
				CLANG_WARN_SUSPICIOUS_MOVE = YES;
				CLANG_WARN_UNGUARDED_AVAILABILITY = YES_AGGRESSIVE;
				CLANG_WARN_UNREACHABLE_CODE = YES;
				CLANG_WARN__DUPLICATE_METHOD_MATCH = YES;
				COPY_PHASE_STRIP = NO;
				DEBUG_INFORMATION_FORMAT = "dwarf-with-dsym";
				ENABLE_NS_ASSERTIONS = NO;
				ENABLE_STRICT_OBJC_MSGSEND = YES;
				GCC_C_LANGUAGE_STANDARD = gnu11;
				GCC_NO_COMMON_BLOCKS = YES;
				GCC_WARN_64_TO_32_BIT_CONVERSION = YES;
				GCC_WARN_ABOUT_RETURN_TYPE = YES_ERROR;
				GCC_WARN_UNDECLARED_SELECTOR = YES;
				GCC_WARN_UNINITIALIZED_AUTOS = YES_AGGRESSIVE;
				GCC_WARN_UNUSED_FUNCTION = YES;
				GCC_WARN_UNUSED_VARIABLE = YES;
				IPHONEOS_DEPLOYMENT_TARGET = 16.4;
				MTL_ENABLE_DEBUG_INFO = NO;
				MTL_FAST_MATH = YES;
				SDKROOT = iphoneos;
				VALIDATE_PRODUCT = YES;
			};
			name = Release;
		};
		95D101D42A330B6200BBA838 /* Debug */ = {
			isa = XCBuildConfiguration;
			buildSettings = {
				ALWAYS_SEARCH_USER_PATHS = NO;
				ASSETCATALOG_COMPILER_APPICON_NAME = AppIcon;
				ASSETCATALOG_COMPILER_GLOBAL_ACCENT_COLOR_NAME = AccentColor;
				CODE_SIGN_STYLE = Automatic;
				CURRENT_PROJECT_VERSION = 1;
				DEVELOPMENT_TEAM = 789LJF7679;
				GCC_PREFIX_HEADER = $SRCROOT/ABrushApp/PrefixHeader.pch;
				GENERATE_INFOPLIST_FILE = YES;
				HEADER_SEARCH_PATHS = $SRCROOT/../ABrush/ABrush;
				INFOPLIST_FILE = ABrushApp/Info.plist;
				INFOPLIST_KEY_UIApplicationSupportsIndirectInputEvents = YES;
				INFOPLIST_KEY_UILaunchStoryboardName = LaunchScreen;
				INFOPLIST_KEY_UISupportedInterfaceOrientations = UIInterfaceOrientationPortrait;
				INFOPLIST_KEY_UISupportedInterfaceOrientations_iPad = "UIInterfaceOrientationLandscapeLeft UIInterfaceOrientationLandscapeRight UIInterfaceOrientationPortrait UIInterfaceOrientationPortraitUpsideDown";
				IPHONEOS_DEPLOYMENT_TARGET = 16.0;
				LD_RUNPATH_SEARCH_PATHS = (
					"$(inherited)",
					"@executable_path/Frameworks",
				);
				LIBRARY_SEARCH_PATHS = "";
				MARKETING_VERSION = 1.0;
				PRODUCT_BUNDLE_IDENTIFIER = com.apricityjin.ABrushApp;
				PRODUCT_NAME = "$(TARGET_NAME)";
				SUPPORTED_PLATFORMS = "iphoneos iphonesimulator";
				SUPPORTS_MACCATALYST = NO;
				SUPPORTS_MAC_DESIGNED_FOR_IPHONE_IPAD = NO;
				SWIFT_EMIT_LOC_STRINGS = YES;
				SYSTEM_FRAMEWORK_SEARCH_PATHS = "";
				TARGETED_DEVICE_FAMILY = 1;
			};
			name = Debug;
		};
		95D101D52A330B6200BBA838 /* Release */ = {
			isa = XCBuildConfiguration;
			buildSettings = {
				ALWAYS_SEARCH_USER_PATHS = NO;
				ASSETCATALOG_COMPILER_APPICON_NAME = AppIcon;
				ASSETCATALOG_COMPILER_GLOBAL_ACCENT_COLOR_NAME = AccentColor;
				CODE_SIGN_STYLE = Automatic;
				CURRENT_PROJECT_VERSION = 1;
				DEVELOPMENT_TEAM = 789LJF7679;
				GCC_PREFIX_HEADER = $SRCROOT/ABrushApp/PrefixHeader.pch;
				GENERATE_INFOPLIST_FILE = YES;
				HEADER_SEARCH_PATHS = $SRCROOT/../ABrush/ABrush;
				INFOPLIST_FILE = ABrushApp/Info.plist;
				INFOPLIST_KEY_UIApplicationSupportsIndirectInputEvents = YES;
				INFOPLIST_KEY_UILaunchStoryboardName = LaunchScreen;
				INFOPLIST_KEY_UISupportedInterfaceOrientations = UIInterfaceOrientationPortrait;
				INFOPLIST_KEY_UISupportedInterfaceOrientations_iPad = "UIInterfaceOrientationLandscapeLeft UIInterfaceOrientationLandscapeRight UIInterfaceOrientationPortrait UIInterfaceOrientationPortraitUpsideDown";
				IPHONEOS_DEPLOYMENT_TARGET = 16.0;
				LD_RUNPATH_SEARCH_PATHS = (
					"$(inherited)",
					"@executable_path/Frameworks",
				);
				LIBRARY_SEARCH_PATHS = "";
				MARKETING_VERSION = 1.0;
				PRODUCT_BUNDLE_IDENTIFIER = com.apricityjin.ABrushApp;
				PRODUCT_NAME = "$(TARGET_NAME)";
				SUPPORTED_PLATFORMS = "iphoneos iphonesimulator";
				SUPPORTS_MACCATALYST = NO;
				SUPPORTS_MAC_DESIGNED_FOR_IPHONE_IPAD = NO;
				SWIFT_EMIT_LOC_STRINGS = YES;
				SYSTEM_FRAMEWORK_SEARCH_PATHS = "";
				TARGETED_DEVICE_FAMILY = 1;
			};
			name = Release;
		};
/* End XCBuildConfiguration section */

/* Begin XCConfigurationList section */
		95D101B52A330B6100BBA838 /* Build configuration list for PBXProject "ABrushApp" */ = {
			isa = XCConfigurationList;
			buildConfigurations = (
				95D101D12A330B6200BBA838 /* Debug */,
				95D101D22A330B6200BBA838 /* Release */,
			);
			defaultConfigurationIsVisible = 0;
			defaultConfigurationName = Release;
		};
		95D101D32A330B6200BBA838 /* Build configuration list for PBXNativeTarget "ABrushApp" */ = {
			isa = XCConfigurationList;
			buildConfigurations = (
				95D101D42A330B6200BBA838 /* Debug */,
				95D101D52A330B6200BBA838 /* Release */,
			);
			defaultConfigurationIsVisible = 0;
			defaultConfigurationName = Release;
		};
/* End XCConfigurationList section */
	};
	rootObject = 95D101B22A330B6100BBA838 /* Project object */;
}
