// !$*UTF8*$!
{
	archiveVersion = 1;
	classes = {
	};
	objectVersion = 56;
	objects = {

/* Begin PBXBuildFile section */
		955F6EA02A305B2700AC6EC7 /* ABrush.hpp in Headers */ = {isa = PBXBuildFile; fileRef = 955F6E9F2A305B2700AC6EC7 /* ABrush.hpp */; };
		955F6EB52A30ABEA00AC6EC7 /* Point.cpp in Sources */ = {isa = PBXBuildFile; fileRef = 955F6EB32A30ABEA00AC6EC7 /* Point.cpp */; };
		955F6EB62A30ABEA00AC6EC7 /* Point.hpp in Headers */ = {isa = PBXBuildFile; fileRef = 955F6EB42A30ABEA00AC6EC7 /* Point.hpp */; };
		955F6EB92A30ABF100AC6EC7 /* Path.cpp in Sources */ = {isa = PBXBuildFile; fileRef = 955F6EB72A30ABF100AC6EC7 /* Path.cpp */; };
		955F6EBA2A30ABF100AC6EC7 /* Path.hpp in Headers */ = {isa = PBXBuildFile; fileRef = 955F6EB82A30ABF100AC6EC7 /* Path.hpp */; };
/* End PBXBuildFile section */

/* Begin PBXFileReference section */
		955F6E9D2A305B2700AC6EC7 /* libABrush.dylib */ = {isa = PBXFileReference; explicitFileType = "compiled.mach-o.dylib"; includeInIndex = 0; path = libABrush.dylib; sourceTree = BUILT_PRODUCTS_DIR; };
		955F6E9F2A305B2700AC6EC7 /* ABrush.hpp */ = {isa = PBXFileReference; lastKnownFileType = sourcecode.cpp.h; path = ABrush.hpp; sourceTree = "<group>"; };
		955F6EB32A30ABEA00AC6EC7 /* Point.cpp */ = {isa = PBXFileReference; lastKnownFileType = sourcecode.cpp.cpp; path = Point.cpp; sourceTree = "<group>"; };
		955F6EB42A30ABEA00AC6EC7 /* Point.hpp */ = {isa = PBXFileReference; lastKnownFileType = sourcecode.cpp.h; path = Point.hpp; sourceTree = "<group>"; };
		955F6EB72A30ABF100AC6EC7 /* Path.cpp */ = {isa = PBXFileReference; lastKnownFileType = sourcecode.cpp.cpp; path = Path.cpp; sourceTree = "<group>"; };
		955F6EB82A30ABF100AC6EC7 /* Path.hpp */ = {isa = PBXFileReference; lastKnownFileType = sourcecode.cpp.h; path = Path.hpp; sourceTree = "<group>"; };
/* End PBXFileReference section */

/* Begin PBXFrameworksBuildPhase section */
		955F6E9B2A305B2700AC6EC7 /* Frameworks */ = {
			isa = PBXFrameworksBuildPhase;
			buildActionMask = 2147483647;
			files = (
			);
			runOnlyForDeploymentPostprocessing = 0;
		};
/* End PBXFrameworksBuildPhase section */

/* Begin PBXGroup section */
		955F6E6B2A30321800AC6EC7 = {
			isa = PBXGroup;
			children = (
				955F6E9E2A305B2700AC6EC7 /* ABrush */,
				955F6E772A30322D00AC6EC7 /* Products */,
			);
			sourceTree = "<group>";
		};
		955F6E772A30322D00AC6EC7 /* Products */ = {
			isa = PBXGroup;
			children = (
				955F6E9D2A305B2700AC6EC7 /* libABrush.dylib */,
			);
			name = Products;
			sourceTree = "<group>";
		};
		955F6E9E2A305B2700AC6EC7 /* ABrush */ = {
			isa = PBXGroup;
			children = (
				955F6E9F2A305B2700AC6EC7 /* ABrush.hpp */,
				955F6EB32A30ABEA00AC6EC7 /* Point.cpp */,
				955F6EB42A30ABEA00AC6EC7 /* Point.hpp */,
				955F6EB72A30ABF100AC6EC7 /* Path.cpp */,
				955F6EB82A30ABF100AC6EC7 /* Path.hpp */,
			);
			path = ABrush;
			sourceTree = "<group>";
		};
/* End PBXGroup section */

/* Begin PBXHeadersBuildPhase section */
		955F6E992A305B2700AC6EC7 /* Headers */ = {
			isa = PBXHeadersBuildPhase;
			buildActionMask = 2147483647;
			files = (
				955F6EA02A305B2700AC6EC7 /* ABrush.hpp in Headers */,
				955F6EBA2A30ABF100AC6EC7 /* Path.hpp in Headers */,
				955F6EB62A30ABEA00AC6EC7 /* Point.hpp in Headers */,
			);
			runOnlyForDeploymentPostprocessing = 0;
		};
/* End PBXHeadersBuildPhase section */

/* Begin PBXNativeTarget section */
		955F6E9C2A305B2700AC6EC7 /* ABrush */ = {
			isa = PBXNativeTarget;
			buildConfigurationList = 955F6EA52A305B2700AC6EC7 /* Build configuration list for PBXNativeTarget "ABrush" */;
			buildPhases = (
				955F6E992A305B2700AC6EC7 /* Headers */,
				955F6E9A2A305B2700AC6EC7 /* Sources */,
				955F6E9B2A305B2700AC6EC7 /* Frameworks */,
			);
			buildRules = (
			);
			dependencies = (
			);
			name = ABrush;
			productName = ABrush;
			productReference = 955F6E9D2A305B2700AC6EC7 /* libABrush.dylib */;
			productType = "com.apple.product-type.library.dynamic";
		};
/* End PBXNativeTarget section */

/* Begin PBXProject section */
		955F6E6C2A30321800AC6EC7 /* Project object */ = {
			isa = PBXProject;
			attributes = {
				BuildIndependentTargetsInParallel = 1;
				LastUpgradeCheck = 1430;
				TargetAttributes = {
					955F6E9C2A305B2700AC6EC7 = {
						CreatedOnToolsVersion = 14.3;
					};
				};
			};
			buildConfigurationList = 955F6E6F2A30321800AC6EC7 /* Build configuration list for PBXProject "ABrush" */;
			compatibilityVersion = "Xcode 14.0";
			developmentRegion = en;
			hasScannedForEncodings = 0;
			knownRegions = (
				en,
				Base,
			);
			mainGroup = 955F6E6B2A30321800AC6EC7;
			productRefGroup = 955F6E772A30322D00AC6EC7 /* Products */;
			projectDirPath = "";
			projectRoot = "";
			targets = (
				955F6E9C2A305B2700AC6EC7 /* ABrush */,
			);
		};
/* End PBXProject section */

/* Begin PBXSourcesBuildPhase section */
		955F6E9A2A305B2700AC6EC7 /* Sources */ = {
			isa = PBXSourcesBuildPhase;
			buildActionMask = 2147483647;
			files = (
				955F6EB92A30ABF100AC6EC7 /* Path.cpp in Sources */,
				955F6EB52A30ABEA00AC6EC7 /* Point.cpp in Sources */,
			);
			runOnlyForDeploymentPostprocessing = 0;
		};
/* End PBXSourcesBuildPhase section */

/* Begin XCBuildConfiguration section */
		955F6E702A30321800AC6EC7 /* Debug */ = {
			isa = XCBuildConfiguration;
			buildSettings = {
			};
			name = Debug;
		};
		955F6E712A30321800AC6EC7 /* Release */ = {
			isa = XCBuildConfiguration;
			buildSettings = {
			};
			name = Release;
		};
		955F6EA62A305B2700AC6EC7 /* Debug */ = {
			isa = XCBuildConfiguration;
			buildSettings = {
				ALWAYS_SEARCH_USER_PATHS = NO;
				CLANG_ANALYZER_NONNULL = YES;
				CLANG_ANALYZER_NUMBER_OBJECT_CONVERSION = YES_AGGRESSIVE;
				CLANG_CXX_LANGUAGE_STANDARD = "gnu++20";
				CLANG_ENABLE_MODULES = YES;
				CLANG_ENABLE_OBJC_ARC = YES;
				CLANG_ENABLE_OBJC_WEAK = YES;
				CLANG_WARN_BLOCK_CAPTURE_AUTORELEASING = YES;
				CLANG_WARN_BOOL_CONVERSION = YES;
				CLANG_WARN_COMMA = YES;
				CLANG_WARN_CONSTANT_CONVERSION = YES;
				CLANG_WARN_DEPRECATED_OBJC_IMPLEMENTATIONS = YES;
				CLANG_WARN_DIRECT_OBJC_ISA_USAGE = YES_ERROR;
				CLANG_WARN_DOCUMENTATION_COMMENTS = YES;
				CLANG_WARN_EMPTY_BODY = YES;
				CLANG_WARN_ENUM_CONVERSION = YES;
				CLANG_WARN_INFINITE_RECURSION = YES;
				CLANG_WARN_INT_CONVERSION = YES;
				CLANG_WARN_NON_LITERAL_NULL_CONVERSION = YES;
				CLANG_WARN_OBJC_IMPLICIT_RETAIN_SELF = YES;
				CLANG_WARN_OBJC_LITERAL_CONVERSION = YES;
				CLANG_WARN_OBJC_ROOT_CLASS = YES_ERROR;
				CLANG_WARN_QUOTED_INCLUDE_IN_FRAMEWORK_HEADER = YES;
				CLANG_WARN_RANGE_LOOP_ANALYSIS = YES;
				CLANG_WARN_STRICT_PROTOTYPES = YES;
				CLANG_WARN_SUSPICIOUS_MOVE = YES;
				CLANG_WARN_UNGUARDED_AVAILABILITY = YES_AGGRESSIVE;
				CLANG_WARN_UNREACHABLE_CODE = YES;
				CLANG_WARN__DUPLICATE_METHOD_MATCH = YES;
				CODE_SIGN_STYLE = Automatic;
				COPY_PHASE_STRIP = NO;
				DEBUG_INFORMATION_FORMAT = dwarf;
				DEVELOPMENT_TEAM = 789LJF7679;
				DYLIB_COMPATIBILITY_VERSION = 1;
				DYLIB_CURRENT_VERSION = 1;
				ENABLE_STRICT_OBJC_MSGSEND = YES;
				ENABLE_TESTABILITY = YES;
				EXECUTABLE_PREFIX = lib;
				GCC_C_LANGUAGE_STANDARD = gnu11;
				GCC_DYNAMIC_NO_PIC = NO;
				GCC_ENABLE_CPP_EXCEPTIONS = YES;
				GCC_ENABLE_CPP_RTTI = YES;
				GCC_NO_COMMON_BLOCKS = YES;
				GCC_OPTIMIZATION_LEVEL = 0;
				GCC_PREPROCESSOR_DEFINITIONS = (
					"DEBUG=1",
					"$(inherited)",
				);
				GCC_SYMBOLS_PRIVATE_EXTERN = YES;
				GCC_WARN_64_TO_32_BIT_CONVERSION = YES;
				GCC_WARN_ABOUT_RETURN_TYPE = YES_ERROR;
				GCC_WARN_UNDECLARED_SELECTOR = YES;
				GCC_WARN_UNINITIALIZED_AUTOS = YES_AGGRESSIVE;
				GCC_WARN_UNUSED_FUNCTION = YES;
				GCC_WARN_UNUSED_VARIABLE = YES;
				MACOSX_DEPLOYMENT_TARGET = 13.3;
				MTL_ENABLE_DEBUG_INFO = INCLUDE_SOURCE;
				MTL_FAST_MATH = YES;
				ONLY_ACTIVE_ARCH = YES;
				PRODUCT_NAME = "$(TARGET_NAME)";
				SDKROOT = macosx;
				SKIP_INSTALL = YES;
			};
			name = Debug;
		};
		955F6EA72A305B2700AC6EC7 /* Release */ = {
			isa = XCBuildConfiguration;
			buildSettings = {
				ALWAYS_SEARCH_USER_PATHS = NO;
				CLANG_ANALYZER_NONNULL = YES;
				CLANG_ANALYZER_NUMBER_OBJECT_CONVERSION = YES_AGGRESSIVE;
				CLANG_CXX_LANGUAGE_STANDARD = "gnu++20";
				CLANG_ENABLE_MODULES = YES;
				CLANG_ENABLE_OBJC_ARC = YES;
				CLANG_ENABLE_OBJC_WEAK = YES;
				CLANG_WARN_BLOCK_CAPTURE_AUTORELEASING = YES;
				CLANG_WARN_BOOL_CONVERSION = YES;
				CLANG_WARN_COMMA = YES;
				CLANG_WARN_CONSTANT_CONVERSION = YES;
				CLANG_WARN_DEPRECATED_OBJC_IMPLEMENTATIONS = YES;
				CLANG_WARN_DIRECT_OBJC_ISA_USAGE = YES_ERROR;
				CLANG_WARN_DOCUMENTATION_COMMENTS = YES;
				CLANG_WARN_EMPTY_BODY = YES;
				CLANG_WARN_ENUM_CONVERSION = YES;
				CLANG_WARN_INFINITE_RECURSION = YES;
				CLANG_WARN_INT_CONVERSION = YES;
				CLANG_WARN_NON_LITERAL_NULL_CONVERSION = YES;
				CLANG_WARN_OBJC_IMPLICIT_RETAIN_SELF = YES;
				CLANG_WARN_OBJC_LITERAL_CONVERSION = YES;
				CLANG_WARN_OBJC_ROOT_CLASS = YES_ERROR;
				CLANG_WARN_QUOTED_INCLUDE_IN_FRAMEWORK_HEADER = YES;
				CLANG_WARN_RANGE_LOOP_ANALYSIS = YES;
				CLANG_WARN_STRICT_PROTOTYPES = YES;
				CLANG_WARN_SUSPICIOUS_MOVE = YES;
				CLANG_WARN_UNGUARDED_AVAILABILITY = YES_AGGRESSIVE;
				CLANG_WARN_UNREACHABLE_CODE = YES;
				CLANG_WARN__DUPLICATE_METHOD_MATCH = YES;
				CODE_SIGN_STYLE = Automatic;
				COPY_PHASE_STRIP = NO;
				DEBUG_INFORMATION_FORMAT = "dwarf-with-dsym";
				DEVELOPMENT_TEAM = 789LJF7679;
				DYLIB_COMPATIBILITY_VERSION = 1;
				DYLIB_CURRENT_VERSION = 1;
				ENABLE_NS_ASSERTIONS = NO;
				ENABLE_STRICT_OBJC_MSGSEND = YES;
				EXECUTABLE_PREFIX = lib;
				GCC_C_LANGUAGE_STANDARD = gnu11;
				GCC_ENABLE_CPP_EXCEPTIONS = YES;
				GCC_ENABLE_CPP_RTTI = YES;
				GCC_NO_COMMON_BLOCKS = YES;
				GCC_SYMBOLS_PRIVATE_EXTERN = YES;
				GCC_WARN_64_TO_32_BIT_CONVERSION = YES;
				GCC_WARN_ABOUT_RETURN_TYPE = YES_ERROR;
				GCC_WARN_UNDECLARED_SELECTOR = YES;
				GCC_WARN_UNINITIALIZED_AUTOS = YES_AGGRESSIVE;
				GCC_WARN_UNUSED_FUNCTION = YES;
				GCC_WARN_UNUSED_VARIABLE = YES;
				MACOSX_DEPLOYMENT_TARGET = 13.3;
				MTL_ENABLE_DEBUG_INFO = NO;
				MTL_FAST_MATH = YES;
				PRODUCT_NAME = "$(TARGET_NAME)";
				SDKROOT = macosx;
				SKIP_INSTALL = YES;
			};
			name = Release;
		};
/* End XCBuildConfiguration section */

/* Begin XCConfigurationList section */
		955F6E6F2A30321800AC6EC7 /* Build configuration list for PBXProject "ABrush" */ = {
			isa = XCConfigurationList;
			buildConfigurations = (
				955F6E702A30321800AC6EC7 /* Debug */,
				955F6E712A30321800AC6EC7 /* Release */,
			);
			defaultConfigurationIsVisible = 0;
			defaultConfigurationName = Release;
		};
		955F6EA52A305B2700AC6EC7 /* Build configuration list for PBXNativeTarget "ABrush" */ = {
			isa = XCConfigurationList;
			buildConfigurations = (
				955F6EA62A305B2700AC6EC7 /* Debug */,
				955F6EA72A305B2700AC6EC7 /* Release */,
			);
			defaultConfigurationIsVisible = 0;
			defaultConfigurationName = Release;
		};
/* End XCConfigurationList section */
	};
	rootObject = 955F6E6C2A30321800AC6EC7 /* Project object */;
}
